github.com/justin-calleja/days-of-go/day-1 v0.0.0-20220527180830-c454c2abe180 h1:Ri7jEuCsLlI0giI66M4daJi9yeQg+cqf25Bi4jfOtRY=
github.com/justin-calleja/days-of-go/day-1 v0.0.0-20220527180830-c454c2abe180/go.mod h1:9oEvGVY/ZBBWG4CnPe7e+9cQYUrT20caU7E2brrq9/k=
github.com/justin-calleja/days-of-go/day-1 v0.0.0-20220527181210-56cc1ef938db h1:wHOZjMo5XyDZOQMbwt2e8B3RUaFyeJYgyo7mYQk1Lsw=
github.com/justin-calleja/days-of-go/day-1 v0.0.0-20220527181210-56cc1ef938db/go.mod h1:9oEvGVY/ZBBWG4CnPe7e+9cQYUrT20caU7E2brrq9/k=
